
Microsoft Visual Studio Solution File, Format Version 12.00
# Visual Studio Version 16
VisualStudioVersion = 16.0.31911.196
MinimumVisualStudioVersion = 10.0.40219.1
Project("{FAE04EC0-301F-11D3-BF4B-00C04F79EFBC}") = "DRTEb1ch8p182", "DRTEb1ch8p182\DRTEb1ch8p182.csproj", "{404808A8-6FC0-4745-857C-B1F9DC627456}"
EndProject
Global
	GlobalSection(SolutionConfigurationPlatforms) = preSolution
		Debug|Any CPU = Debug|Any CPU
		Release|Any CPU = Release|Any CPU
	EndGlobalSection
	GlobalSection(ProjectConfigurationPlatforms) = postSolution
		{404808A8-6FC0-4745-857C-B1F9DC627456}.Debug|Any CPU.ActiveCfg = Debug|Any CPU
		{404808A8-6FC0-4745-857C-B1F9DC627456}.Debug|Any CPU.Build.0 = Debug|Any CPU
		{404808A8-6FC0-4745-857C-B1F9DC627456}.Release|Any CPU.ActiveCfg = Release|Any CPU
		{404808A8-6FC0-4745-857C-B1F9DC627456}.Release|Any CPU.Build.0 = Release|Any CPU
	EndGlobalSection
	GlobalSection(SolutionProperties) = preSolution
		HideSolutionNode = FALSE
	EndGlobalSection
	GlobalSection(ExtensibilityGlobals) = postSolution
		SolutionGuid = {ECBF17B6-5F62-4338-BA15-2A77572AEEC0}
	EndGlobalSection
EndGlobal
