
Microsoft Visual Studio Solution File, Format Version 12.00
# Visual Studio Version 16
VisualStudioVersion = 16.0.31911.196
MinimumVisualStudioVersion = 10.0.40219.1
Project("{FAE04EC0-301F-11D3-BF4B-00C04F79EFBC}") = "Read Text ReadTextB1Ch7P167", "Read Text ReadTextB1Ch7P167\Read Text ReadTextB1Ch7P167.csproj", "{A3329678-4794-4F75-92F7-6B3A148E6E73}"
EndProject
Global
	GlobalSection(SolutionConfigurationPlatforms) = preSolution
		Debug|Any CPU = Debug|Any CPU
		Release|Any CPU = Release|Any CPU
	EndGlobalSection
	GlobalSection(ProjectConfigurationPlatforms) = postSolution
		{A3329678-4794-4F75-92F7-6B3A148E6E73}.Debug|Any CPU.ActiveCfg = Debug|Any CPU
		{A3329678-4794-4F75-92F7-6B3A148E6E73}.Debug|Any CPU.Build.0 = Debug|Any CPU
		{A3329678-4794-4F75-92F7-6B3A148E6E73}.Release|Any CPU.ActiveCfg = Release|Any CPU
		{A3329678-4794-4F75-92F7-6B3A148E6E73}.Release|Any CPU.Build.0 = Release|Any CPU
	EndGlobalSection
	GlobalSection(SolutionProperties) = preSolution
		HideSolutionNode = FALSE
	EndGlobalSection
	GlobalSection(ExtensibilityGlobals) = postSolution
		SolutionGuid = {13955BA9-7942-4BFA-962A-2D461508B1B5}
	EndGlobalSection
EndGlobal
