
Microsoft Visual Studio Solution File, Format Version 12.00
# Visual Studio Version 16
VisualStudioVersion = 16.0.31911.196
MinimumVisualStudioVersion = 10.0.40219.1
Project("{FAE04EC0-301F-11D3-BF4B-00C04F79EFBC}") = "Switching Branches b1 ch 4 p90", "Switching Branches b1 ch 4 p90\Switching Branches b1 ch 4 p90.csproj", "{0523C53F-4D3A-48E2-8F16-5DC32BF7C254}"
EndProject
Global
	GlobalSection(SolutionConfigurationPlatforms) = preSolution
		Debug|Any CPU = Debug|Any CPU
		Release|Any CPU = Release|Any CPU
	EndGlobalSection
	GlobalSection(ProjectConfigurationPlatforms) = postSolution
		{0523C53F-4D3A-48E2-8F16-5DC32BF7C254}.Debug|Any CPU.ActiveCfg = Debug|Any CPU
		{0523C53F-4D3A-48E2-8F16-5DC32BF7C254}.Debug|Any CPU.Build.0 = Debug|Any CPU
		{0523C53F-4D3A-48E2-8F16-5DC32BF7C254}.Release|Any CPU.ActiveCfg = Release|Any CPU
		{0523C53F-4D3A-48E2-8F16-5DC32BF7C254}.Release|Any CPU.Build.0 = Release|Any CPU
	EndGlobalSection
	GlobalSection(SolutionProperties) = preSolution
		HideSolutionNode = FALSE
	EndGlobalSection
	GlobalSection(ExtensibilityGlobals) = postSolution
		SolutionGuid = {D9A759A9-2546-4C46-87F1-642598FFFAA8}
	EndGlobalSection
EndGlobal
