
Microsoft Visual Studio Solution File, Format Version 12.00
# Visual Studio Version 16
VisualStudioVersion = 16.0.31911.196
MinimumVisualStudioVersion = 10.0.40219.1
Project("{FAE04EC0-301F-11D3-BF4B-00C04F79EFBC}") = "Arrays b1 ch2 p46", "Arrays b1 ch2 p46\Arrays b1 ch2 p46.csproj", "{374C423B-3F06-4A4E-A32E-E463076BE646}"
EndProject
Global
	GlobalSection(SolutionConfigurationPlatforms) = preSolution
		Debug|Any CPU = Debug|Any CPU
		Release|Any CPU = Release|Any CPU
	EndGlobalSection
	GlobalSection(ProjectConfigurationPlatforms) = postSolution
		{374C423B-3F06-4A4E-A32E-E463076BE646}.Debug|Any CPU.ActiveCfg = Debug|Any CPU
		{374C423B-3F06-4A4E-A32E-E463076BE646}.Debug|Any CPU.Build.0 = Debug|Any CPU
		{374C423B-3F06-4A4E-A32E-E463076BE646}.Release|Any CPU.ActiveCfg = Release|Any CPU
		{374C423B-3F06-4A4E-A32E-E463076BE646}.Release|Any CPU.Build.0 = Release|Any CPU
	EndGlobalSection
	GlobalSection(SolutionProperties) = preSolution
		HideSolutionNode = FALSE
	EndGlobalSection
	GlobalSection(ExtensibilityGlobals) = postSolution
		SolutionGuid = {4D6FF554-8101-4B1F-AE6B-7171FE1DC84D}
	EndGlobalSection
EndGlobal
