
Microsoft Visual Studio Solution File, Format Version 12.00
# Visual Studio Version 16
VisualStudioVersion = 16.0.31911.196
MinimumVisualStudioVersion = 10.0.40219.1
Project("{FAE04EC0-301F-11D3-BF4B-00C04F79EFBC}") = "Constant Constant b1 ch2 p53", "Constant Constant b1 ch2 p53\Constant Constant b1 ch2 p53.csproj", "{6586BE7E-9DFC-4609-A97B-9D8293A7B03A}"
EndProject
Global
	GlobalSection(SolutionConfigurationPlatforms) = preSolution
		Debug|Any CPU = Debug|Any CPU
		Release|Any CPU = Release|Any CPU
	EndGlobalSection
	GlobalSection(ProjectConfigurationPlatforms) = postSolution
		{6586BE7E-9DFC-4609-A97B-9D8293A7B03A}.Debug|Any CPU.ActiveCfg = Debug|Any CPU
		{6586BE7E-9DFC-4609-A97B-9D8293A7B03A}.Debug|Any CPU.Build.0 = Debug|Any CPU
		{6586BE7E-9DFC-4609-A97B-9D8293A7B03A}.Release|Any CPU.ActiveCfg = Release|Any CPU
		{6586BE7E-9DFC-4609-A97B-9D8293A7B03A}.Release|Any CPU.Build.0 = Release|Any CPU
	EndGlobalSection
	GlobalSection(SolutionProperties) = preSolution
		HideSolutionNode = FALSE
	EndGlobalSection
	GlobalSection(ExtensibilityGlobals) = postSolution
		SolutionGuid = {1FDACA62-E8B7-4AEE-A149-280B28B50F42}
	EndGlobalSection
EndGlobal
