
Microsoft Visual Studio Solution File, Format Version 12.00
# Visual Studio Version 16
VisualStudioVersion = 16.0.31911.196
MinimumVisualStudioVersion = 10.0.40219.1
Project("{FAE04EC0-301F-11D3-BF4B-00C04F79EFBC}") = "While Loop whileLoop b1 ch 4 p98", "While Loop whileLoop b1 ch 4 p98\While Loop whileLoop b1 ch 4 p98.csproj", "{CE7DEF9E-193F-4B02-AA9F-B4B525F54AA8}"
EndProject
Global
	GlobalSection(SolutionConfigurationPlatforms) = preSolution
		Debug|Any CPU = Debug|Any CPU
		Release|Any CPU = Release|Any CPU
	EndGlobalSection
	GlobalSection(ProjectConfigurationPlatforms) = postSolution
		{CE7DEF9E-193F-4B02-AA9F-B4B525F54AA8}.Debug|Any CPU.ActiveCfg = Debug|Any CPU
		{CE7DEF9E-193F-4B02-AA9F-B4B525F54AA8}.Debug|Any CPU.Build.0 = Debug|Any CPU
		{CE7DEF9E-193F-4B02-AA9F-B4B525F54AA8}.Release|Any CPU.ActiveCfg = Release|Any CPU
		{CE7DEF9E-193F-4B02-AA9F-B4B525F54AA8}.Release|Any CPU.Build.0 = Release|Any CPU
	EndGlobalSection
	GlobalSection(SolutionProperties) = preSolution
		HideSolutionNode = FALSE
	EndGlobalSection
	GlobalSection(ExtensibilityGlobals) = postSolution
		SolutionGuid = {E5B4BF94-3378-4703-B600-38505BF2A1AA}
	EndGlobalSection
EndGlobal
