
Microsoft Visual Studio Solution File, Format Version 12.00
# Visual Studio Version 16
VisualStudioVersion = 16.0.31911.196
MinimumVisualStudioVersion = 10.0.40219.1
Project("{FAE04EC0-301F-11D3-BF4B-00C04F79EFBC}") = "Parameter ParameterPASSINGargument b1 ch 5 p114", "Parameter ParameterPASSINGargument b1 ch 5 p114\Parameter ParameterPASSINGargument b1 ch 5 p114.csproj", "{31F9CEFC-4F37-40AF-8054-5342BDF61E77}"
EndProject
Global
	GlobalSection(SolutionConfigurationPlatforms) = preSolution
		Debug|Any CPU = Debug|Any CPU
		Release|Any CPU = Release|Any CPU
	EndGlobalSection
	GlobalSection(ProjectConfigurationPlatforms) = postSolution
		{31F9CEFC-4F37-40AF-8054-5342BDF61E77}.Debug|Any CPU.ActiveCfg = Debug|Any CPU
		{31F9CEFC-4F37-40AF-8054-5342BDF61E77}.Debug|Any CPU.Build.0 = Debug|Any CPU
		{31F9CEFC-4F37-40AF-8054-5342BDF61E77}.Release|Any CPU.ActiveCfg = Release|Any CPU
		{31F9CEFC-4F37-40AF-8054-5342BDF61E77}.Release|Any CPU.Build.0 = Release|Any CPU
	EndGlobalSection
	GlobalSection(SolutionProperties) = preSolution
		HideSolutionNode = FALSE
	EndGlobalSection
	GlobalSection(ExtensibilityGlobals) = postSolution
		SolutionGuid = {47E2CB6C-5C1D-473F-942D-5B23DA53EA03}
	EndGlobalSection
EndGlobal
