
Microsoft Visual Studio Solution File, Format Version 12.00
# Visual Studio Version 16
VisualStudioVersion = 16.0.31911.196
MinimumVisualStudioVersion = 10.0.40219.1
Project("{FAE04EC0-301F-11D3-BF4B-00C04F79EFBC}") = "Arithmatic   arithmatic b1  ch3 p60", "Arithmatic   arithmatic b1  ch3 p60\Arithmatic   arithmatic b1  ch3 p60.csproj", "{327099A9-BB72-49BE-A33F-8D419A3B6594}"
EndProject
Global
	GlobalSection(SolutionConfigurationPlatforms) = preSolution
		Debug|Any CPU = Debug|Any CPU
		Release|Any CPU = Release|Any CPU
	EndGlobalSection
	GlobalSection(ProjectConfigurationPlatforms) = postSolution
		{327099A9-BB72-49BE-A33F-8D419A3B6594}.Debug|Any CPU.ActiveCfg = Debug|Any CPU
		{327099A9-BB72-49BE-A33F-8D419A3B6594}.Debug|Any CPU.Build.0 = Debug|Any CPU
		{327099A9-BB72-49BE-A33F-8D419A3B6594}.Release|Any CPU.ActiveCfg = Release|Any CPU
		{327099A9-BB72-49BE-A33F-8D419A3B6594}.Release|Any CPU.Build.0 = Release|Any CPU
	EndGlobalSection
	GlobalSection(SolutionProperties) = preSolution
		HideSolutionNode = FALSE
	EndGlobalSection
	GlobalSection(ExtensibilityGlobals) = postSolution
		SolutionGuid = {76938BA9-5B60-4FF3-B4AB-0FCF4F75CAC9}
	EndGlobalSection
EndGlobal
