
Microsoft Visual Studio Solution File, Format Version 12.00
# Visual Studio Version 16
VisualStudioVersion = 16.0.31911.196
MinimumVisualStudioVersion = 10.0.40219.1
Project("{FAE04EC0-301F-11D3-BF4B-00C04F79EFBC}") = "Comparrison  comparrison b1 ch3 p68", "Comparrison  comparrison b1 ch3 p68\Comparrison  comparrison b1 ch3 p68.csproj", "{770453BF-91A0-44D8-9E37-32C64E760130}"
EndProject
Global
	GlobalSection(SolutionConfigurationPlatforms) = preSolution
		Debug|Any CPU = Debug|Any CPU
		Release|Any CPU = Release|Any CPU
	EndGlobalSection
	GlobalSection(ProjectConfigurationPlatforms) = postSolution
		{770453BF-91A0-44D8-9E37-32C64E760130}.Debug|Any CPU.ActiveCfg = Debug|Any CPU
		{770453BF-91A0-44D8-9E37-32C64E760130}.Debug|Any CPU.Build.0 = Debug|Any CPU
		{770453BF-91A0-44D8-9E37-32C64E760130}.Release|Any CPU.ActiveCfg = Release|Any CPU
		{770453BF-91A0-44D8-9E37-32C64E760130}.Release|Any CPU.Build.0 = Release|Any CPU
	EndGlobalSection
	GlobalSection(SolutionProperties) = preSolution
		HideSolutionNode = FALSE
	EndGlobalSection
	GlobalSection(ExtensibilityGlobals) = postSolution
		SolutionGuid = {F3E47A40-3E9E-420C-84AB-C49F0B9F17CB}
	EndGlobalSection
EndGlobal
