
Microsoft Visual Studio Solution File, Format Version 12.00
# Visual Studio Version 16
VisualStudioVersion = 16.0.31911.196
MinimumVisualStudioVersion = 10.0.40219.1
Project("{FAE04EC0-301F-11D3-BF4B-00C04F79EFBC}") = "ForLoop For Loop b1 ch4 p95", "ForLoop For Loop b1 ch4 p95\ForLoop For Loop b1 ch4 p95.csproj", "{AF242A37-D3F6-44C9-9346-332C6D0B07CF}"
EndProject
Global
	GlobalSection(SolutionConfigurationPlatforms) = preSolution
		Debug|Any CPU = Debug|Any CPU
		Release|Any CPU = Release|Any CPU
	EndGlobalSection
	GlobalSection(ProjectConfigurationPlatforms) = postSolution
		{AF242A37-D3F6-44C9-9346-332C6D0B07CF}.Debug|Any CPU.ActiveCfg = Debug|Any CPU
		{AF242A37-D3F6-44C9-9346-332C6D0B07CF}.Debug|Any CPU.Build.0 = Debug|Any CPU
		{AF242A37-D3F6-44C9-9346-332C6D0B07CF}.Release|Any CPU.ActiveCfg = Release|Any CPU
		{AF242A37-D3F6-44C9-9346-332C6D0B07CF}.Release|Any CPU.Build.0 = Release|Any CPU
	EndGlobalSection
	GlobalSection(SolutionProperties) = preSolution
		HideSolutionNode = FALSE
	EndGlobalSection
	GlobalSection(ExtensibilityGlobals) = postSolution
		SolutionGuid = {54F4B378-23EC-4C9C-B71B-A790E01F8616}
	EndGlobalSection
EndGlobal
