
Microsoft Visual Studio Solution File, Format Version 12.00
# Visual Studio Version 16
VisualStudioVersion = 16.0.31911.196
MinimumVisualStudioVersion = 10.0.40219.1
Project("{FAE04EC0-301F-11D3-BF4B-00C04F79EFBC}") = "Manipulate Manipulate b1 ch6 p132", "Manipulate Manipulate b1 ch6 p132\Manipulate Manipulate b1 ch6 p132.csproj", "{DA77D7BB-FDCE-433A-BA0B-32EC1071EEBC}"
EndProject
Global
	GlobalSection(SolutionConfigurationPlatforms) = preSolution
		Debug|Any CPU = Debug|Any CPU
		Release|Any CPU = Release|Any CPU
	EndGlobalSection
	GlobalSection(ProjectConfigurationPlatforms) = postSolution
		{DA77D7BB-FDCE-433A-BA0B-32EC1071EEBC}.Debug|Any CPU.ActiveCfg = Debug|Any CPU
		{DA77D7BB-FDCE-433A-BA0B-32EC1071EEBC}.Debug|Any CPU.Build.0 = Debug|Any CPU
		{DA77D7BB-FDCE-433A-BA0B-32EC1071EEBC}.Release|Any CPU.ActiveCfg = Release|Any CPU
		{DA77D7BB-FDCE-433A-BA0B-32EC1071EEBC}.Release|Any CPU.Build.0 = Release|Any CPU
	EndGlobalSection
	GlobalSection(SolutionProperties) = preSolution
		HideSolutionNode = FALSE
	EndGlobalSection
	GlobalSection(ExtensibilityGlobals) = postSolution
		SolutionGuid = {0F17597D-154A-479A-8358-2162E3CB3586}
	EndGlobalSection
EndGlobal
